{
  "requires": true,
  "lockfileVersion": 1,
  "dependencies": {
    "@ngrx/component": {
      "version": "11.1.0",
      "resolved": "https://registry.npmjs.org/@ngrx/component/-/component-11.1.0.tgz",
      "integrity": "sha512-gSqnveMk3fUTLeFyfde2CCWgSd4HzHOT4BuzRgBr27fZnAWVykeYWDPKhD+8oqHKj4MYjTO0i6NmS7U1da0V3Q==",
      "requires": {
        "tslib": "^2.0.0"
      }
    },
    "@ngrx/effects": {
      "version": "11.1.0",
      "resolved": "https://registry.npmjs.org/@ngrx/effects/-/effects-11.1.0.tgz",
      "integrity": "sha512-YpcsFUnXJbKaLrfMw8nGjG3AZSTBPWDK0FQswFt2/4ooFHUEztokzMyX4jXLbrwM3qOC28EtDqWfwUv7z+4+kw==",
      "requires": {
        "tslib": "^2.0.0"
      }
    },
    "@ngrx/entity": {
      "version": "11.1.0",
      "resolved": "https://registry.npmjs.org/@ngrx/entity/-/entity-11.1.0.tgz",
      "integrity": "sha512-3SaSImTT7/jQ9wYixIFXndxio+FTTngzymPNSKOVE0/ZrkJlPfCN6oVTsVzeYdbvnHwOChyqb+K9JnxtwzEVyg==",
      "requires": {
        "tslib": "^2.0.0"
      }
    },
    "@ngrx/router-store": {
      "version": "11.1.0",
      "resolved": "https://registry.npmjs.org/@ngrx/router-store/-/router-store-11.1.0.tgz",
      "integrity": "sha512-2G+DCRPwOwzNdBvK30MRXnRpZOYGCNaONoRopaqEnLfhFvUDQUnZaHex+SDiY/cg2/oQX87bi6hZp1FlqeCW+w==",
      "requires": {
        "tslib": "^2.0.0"
      }
    },
    "@ngrx/store": {
      "version": "11.1.0",
      "resolved": "https://registry.npmjs.org/@ngrx/store/-/store-11.1.0.tgz",
      "integrity": "sha512-mAnaZuZU1Y82VlJT/58zYS26y1sTrdtWyh6es+D57LOhv8iOI6mkv3ehlVNzaFyyc/XQehUMnJXTxItXJvCghg==",
      "requires": {
        "tslib": "^2.0.0"
      }
    },
    "@ngrx/store-devtools": {
      "version": "11.1.0",
      "resolved": "https://registry.npmjs.org/@ngrx/store-devtools/-/store-devtools-11.1.0.tgz",
      "integrity": "sha512-OLL1zOs07fdrHtd/92PyEu7l/0/F3m1tfHqiNYSUPeLs7zrq5xDVZmhv05zaUhSw9E/F9m0a+P0tj+Qlk1FvBA==",
      "requires": {
        "tslib": "^2.0.0"
      }
    },
    "tslib": {
      "version": "2.2.0",
      "resolved": "https://registry.npmjs.org/tslib/-/tslib-2.2.0.tgz",
      "integrity": "sha512-gS9GVHRU+RGn5KQM2rllAlR3dU6m7AcpJKdtH8gFvQiC4Otgk98XnmMU+nZenHt/+VhnBPWwgrJsyrdcw6i23w=="
    }
  }
}
